
Microsoft Visual Studio Solution File, Format Version 12.00
# Visual Studio 2012
Project("{F2A71F9B-5D33-465A-A702-920D77279786}") = "BenfordAnalizeFSharp.Cmd", "BenfordAnalizeFSharp.Cmd\BenfordAnalizeFSharp.Cmd.fsproj", "{28C4065B-F5D8-4AB0-BF28-7C120BA54B42}"
EndProject
Project("{F2A71F9B-5D33-465A-A702-920D77279786}") = "BenfordAnalizeFSharp.Lib", "BenfordAnalizeFSharp.Lib\BenfordAnalizeFSharp.Lib.fsproj", "{971398F5-9EE9-455F-BCEB-70A3ABBA1B74}"
EndProject
Global
	GlobalSection(SolutionConfigurationPlatforms) = preSolution
		Debug|Any CPU = Debug|Any CPU
		Release|Any CPU = Release|Any CPU
	EndGlobalSection
	GlobalSection(ProjectConfigurationPlatforms) = postSolution
		{28C4065B-F5D8-4AB0-BF28-7C120BA54B42}.Debug|Any CPU.ActiveCfg = Debug|Any CPU
		{28C4065B-F5D8-4AB0-BF28-7C120BA54B42}.Debug|Any CPU.Build.0 = Debug|Any CPU
		{28C4065B-F5D8-4AB0-BF28-7C120BA54B42}.Release|Any CPU.ActiveCfg = Release|Any CPU
		{28C4065B-F5D8-4AB0-BF28-7C120BA54B42}.Release|Any CPU.Build.0 = Release|Any CPU
		{971398F5-9EE9-455F-BCEB-70A3ABBA1B74}.Debug|Any CPU.ActiveCfg = Debug|Any CPU
		{971398F5-9EE9-455F-BCEB-70A3ABBA1B74}.Debug|Any CPU.Build.0 = Debug|Any CPU
		{971398F5-9EE9-455F-BCEB-70A3ABBA1B74}.Release|Any CPU.ActiveCfg = Release|Any CPU
		{971398F5-9EE9-455F-BCEB-70A3ABBA1B74}.Release|Any CPU.Build.0 = Release|Any CPU
	EndGlobalSection
	GlobalSection(SolutionProperties) = preSolution
		HideSolutionNode = FALSE
	EndGlobalSection
EndGlobal
